
Microsoft Visual Studio Solution File, Format Version 12.00
# Visual Studio Version 17
VisualStudioVersion = 17.3.32901.215
MinimumVisualStudioVersion = 10.0.40219.1
Project("{FAE04EC0-301F-11D3-BF4B-00C04F79EFBC}") = "Exec_DeclareInt", "Exec_DeclareInt\Exec_DeclareInt.csproj", "{69B3B116-7475-48C4-B10F-A2590EAA3AE6}"
EndProject
Global
	GlobalSection(SolutionConfigurationPlatforms) = preSolution
		Debug|Any CPU = Debug|Any CPU
		Release|Any CPU = Release|Any CPU
	EndGlobalSection
	GlobalSection(ProjectConfigurationPlatforms) = postSolution
		{69B3B116-7475-48C4-B10F-A2590EAA3AE6}.Debug|Any CPU.ActiveCfg = Debug|Any CPU
		{69B3B116-7475-48C4-B10F-A2590EAA3AE6}.Debug|Any CPU.Build.0 = Debug|Any CPU
		{69B3B116-7475-48C4-B10F-A2590EAA3AE6}.Release|Any CPU.ActiveCfg = Release|Any CPU
		{69B3B116-7475-48C4-B10F-A2590EAA3AE6}.Release|Any CPU.Build.0 = Release|Any CPU
	EndGlobalSection
	GlobalSection(SolutionProperties) = preSolution
		HideSolutionNode = FALSE
	EndGlobalSection
	GlobalSection(ExtensibilityGlobals) = postSolution
		SolutionGuid = {8FE29B2C-1746-4379-9145-02CDEAB69418}
	EndGlobalSection
EndGlobal
